github.com/CloudyKit/fastprinter v0.0.0-20251202014920-1725d2651bd4 h1:DQ1+lDdBve+u+aovjh4wV6sYnvZKH0Hx8GaQOi4vYl8=
github.com/CloudyKit/fastprinter v0.0.0-20251202014920-1725d2651bd4/go.mod h1:eauGmjfZG874MOAEPVeqg21mZCbTOLW+tFe8F7NpfnY=
github.com/anton7r/bomlok v0.0.0-20251114203532-195b822857ca h1:RQAvJ+Kphto66Dl+fWK7AyAU1qlTdJs4F3/KbksD6w8=
github.com/anton7r/bomlok v0.0.0-20251114203532-195b822857ca/go.mod h1:1I3FTYCHn+Mrg9S8Mm+1h9N3NhSxPTGkYlIEGL9CGxk=
